
Microsoft Visual Studio Solution File, Format Version 12.00
# Visual Studio Version 17
VisualStudioVersion = 17.1.32328.378
MinimumVisualStudioVersion = 10.0.40219.1
Project("{9A19103F-16F7-4668-BE54-9A1E7A4F7556}") = "Server", "Server\Server.csproj", "{AC77BA37-BE77-420C-9302-1A8EB399C3A6}"
EndProject
Project("{2150E333-8FDC-42A3-9474-1A3956D46DE8}") = "Servers", "Servers", "{343A65D2-7B94-436B-928F-4BD492A7BF27}"
EndProject
Project("{2150E333-8FDC-42A3-9474-1A3956D46DE8}") = "Clients", "Clients", "{0E717CEC-3006-4B56-AF18-468E4907E7AA}"
EndProject
Project("{9A19103F-16F7-4668-BE54-9A1E7A4F7556}") = "ParentClient", "ParentClient\ParentClient.csproj", "{78D06100-209F-43C5-80B5-0B7256EC68E5}"
EndProject
Project("{9A19103F-16F7-4668-BE54-9A1E7A4F7556}") = "TeacherClient", "TeacherClient\TeacherClient.csproj", "{E3CE7B64-FB7C-4978-8247-85F1D0884E0B}"
EndProject
Project("{2150E333-8FDC-42A3-9474-1A3956D46DE8}") = "Tests", "Tests", "{FB223BFF-4670-4C72-9693-3C734BA600DF}"
EndProject
Global
	GlobalSection(SolutionConfigurationPlatforms) = preSolution
		Debug|Any CPU = Debug|Any CPU
		Release|Any CPU = Release|Any CPU
	EndGlobalSection
	GlobalSection(ProjectConfigurationPlatforms) = postSolution
		{AC77BA37-BE77-420C-9302-1A8EB399C3A6}.Debug|Any CPU.ActiveCfg = Debug|Any CPU
		{AC77BA37-BE77-420C-9302-1A8EB399C3A6}.Debug|Any CPU.Build.0 = Debug|Any CPU
		{AC77BA37-BE77-420C-9302-1A8EB399C3A6}.Release|Any CPU.ActiveCfg = Release|Any CPU
		{AC77BA37-BE77-420C-9302-1A8EB399C3A6}.Release|Any CPU.Build.0 = Release|Any CPU
		{78D06100-209F-43C5-80B5-0B7256EC68E5}.Debug|Any CPU.ActiveCfg = Debug|Any CPU
		{78D06100-209F-43C5-80B5-0B7256EC68E5}.Debug|Any CPU.Build.0 = Debug|Any CPU
		{78D06100-209F-43C5-80B5-0B7256EC68E5}.Release|Any CPU.ActiveCfg = Release|Any CPU
		{78D06100-209F-43C5-80B5-0B7256EC68E5}.Release|Any CPU.Build.0 = Release|Any CPU
		{E3CE7B64-FB7C-4978-8247-85F1D0884E0B}.Debug|Any CPU.ActiveCfg = Debug|Any CPU
		{E3CE7B64-FB7C-4978-8247-85F1D0884E0B}.Debug|Any CPU.Build.0 = Debug|Any CPU
		{E3CE7B64-FB7C-4978-8247-85F1D0884E0B}.Release|Any CPU.ActiveCfg = Release|Any CPU
		{E3CE7B64-FB7C-4978-8247-85F1D0884E0B}.Release|Any CPU.Build.0 = Release|Any CPU
	EndGlobalSection
	GlobalSection(SolutionProperties) = preSolution
		HideSolutionNode = FALSE
	EndGlobalSection
	GlobalSection(NestedProjects) = preSolution
		{AC77BA37-BE77-420C-9302-1A8EB399C3A6} = {343A65D2-7B94-436B-928F-4BD492A7BF27}
		{78D06100-209F-43C5-80B5-0B7256EC68E5} = {0E717CEC-3006-4B56-AF18-468E4907E7AA}
		{E3CE7B64-FB7C-4978-8247-85F1D0884E0B} = {0E717CEC-3006-4B56-AF18-468E4907E7AA}
	EndGlobalSection
	GlobalSection(ExtensibilityGlobals) = postSolution
		SolutionGuid = {5D45C9C3-9762-4B93-9717-CCC53A64B4F4}
	EndGlobalSection
EndGlobal
